
Microsoft Visual Studio Solution File, Format Version 12.00
# Visual Studio 2012
Project("{F184B08F-C81C-45F6-A57F-5ABD9991F28F}") = "MIS124_Lab3_RequestForInfo", "MIS124_Lab3_RequestForInfo\MIS124_Lab3_RequestForInfo.vbproj", "{C06D6488-7E01-40D1-A1BF-C85CF9704211}"
EndProject
Global
	GlobalSection(SolutionConfigurationPlatforms) = preSolution
		Debug|Any CPU = Debug|Any CPU
		Release|Any CPU = Release|Any CPU
	EndGlobalSection
	GlobalSection(ProjectConfigurationPlatforms) = postSolution
		{C06D6488-7E01-40D1-A1BF-C85CF9704211}.Debug|Any CPU.ActiveCfg = Debug|Any CPU
		{C06D6488-7E01-40D1-A1BF-C85CF9704211}.Debug|Any CPU.Build.0 = Debug|Any CPU
		{C06D6488-7E01-40D1-A1BF-C85CF9704211}.Release|Any CPU.ActiveCfg = Release|Any CPU
		{C06D6488-7E01-40D1-A1BF-C85CF9704211}.Release|Any CPU.Build.0 = Release|Any CPU
	EndGlobalSection
	GlobalSection(SolutionProperties) = preSolution
		HideSolutionNode = FALSE
	EndGlobalSection
EndGlobal
